
Microsoft Visual Studio Solution File, Format Version 12.00
# Visual Studio Version 17
VisualStudioVersion = 17.14.36109.1 d17.14
MinimumVisualStudioVersion = 10.0.40219.1
Project("{FAE04EC0-301F-11D3-BF4B-00C04F79EFBC}") = "HW-L3-01-OOP", "HW-L3-01-OOP\HW-L3-01-OOP.csproj", "{23CE515E-E874-4DC5-B589-EDC53A88154D}"
EndProject
Global
	GlobalSection(SolutionConfigurationPlatforms) = preSolution
		Debug|Any CPU = Debug|Any CPU
		Release|Any CPU = Release|Any CPU
	EndGlobalSection
	GlobalSection(ProjectConfigurationPlatforms) = postSolution
		{23CE515E-E874-4DC5-B589-EDC53A88154D}.Debug|Any CPU.ActiveCfg = Debug|Any CPU
		{23CE515E-E874-4DC5-B589-EDC53A88154D}.Debug|Any CPU.Build.0 = Debug|Any CPU
		{23CE515E-E874-4DC5-B589-EDC53A88154D}.Release|Any CPU.ActiveCfg = Release|Any CPU
		{23CE515E-E874-4DC5-B589-EDC53A88154D}.Release|Any CPU.Build.0 = Release|Any CPU
	EndGlobalSection
	GlobalSection(SolutionProperties) = preSolution
		HideSolutionNode = FALSE
	EndGlobalSection
	GlobalSection(ExtensibilityGlobals) = postSolution
		SolutionGuid = {36BFD7BD-FEA8-4777-A2C3-D36A7EE27156}
	EndGlobalSection
EndGlobal
